
Microsoft Visual Studio Solution File, Format Version 12.00
# Visual Studio Version 16
VisualStudioVersion = 16.0.29326.143
MinimumVisualStudioVersion = 10.0.40219.1
Project("{FAE04EC0-301F-11D3-BF4B-00C04F79EFBC}") = "ContentViewNormal.UWP", "ContentViewNormal\ContentViewNormal.UWP\ContentViewNormal.UWP.csproj", "{3D3DC04B-83FF-4BBC-8F85-EDECE878E35D}"
EndProject
Project("{FAE04EC0-301F-11D3-BF4B-00C04F79EFBC}") = "ContentViewNormal.Android", "ContentViewNormal\ContentViewNormal.Android\ContentViewNormal.Android.csproj", "{91AE3978-F8F1-4788-819F-771453CD91AB}"
EndProject
Project("{FAE04EC0-301F-11D3-BF4B-00C04F79EFBC}") = "ContentViewNormal.iOS", "ContentViewNormal\ContentViewNormal.iOS\ContentViewNormal.iOS.csproj", "{F15186EE-D703-40EA-AB06-9F1C7F63DE37}"
EndProject
Project("{FAE04EC0-301F-11D3-BF4B-00C04F79EFBC}") = "ContentViewNormal", "ContentViewNormal\ContentViewNormal\ContentViewNormal.csproj", "{3DB5BC5D-A019-4C29-9A4A-BDF2D9077A0C}"
EndProject
Global
	GlobalSection(SolutionConfigurationPlatforms) = preSolution
		Debug|Any CPU = Debug|Any CPU
		Debug|ARM = Debug|ARM
		Debug|iPhone = Debug|iPhone
		Debug|iPhoneSimulator = Debug|iPhoneSimulator
		Debug|x64 = Debug|x64
		Debug|x86 = Debug|x86
		Release|Any CPU = Release|Any CPU
		Release|ARM = Release|ARM
		Release|iPhone = Release|iPhone
		Release|iPhoneSimulator = Release|iPhoneSimulator
		Release|x64 = Release|x64
		Release|x86 = Release|x86
	EndGlobalSection
	GlobalSection(ProjectConfigurationPlatforms) = postSolution
		{3D3DC04B-83FF-4BBC-8F85-EDECE878E35D}.Debug|Any CPU.ActiveCfg = Debug|x86
		{3D3DC04B-83FF-4BBC-8F85-EDECE878E35D}.Debug|Any CPU.Build.0 = Debug|x86
		{3D3DC04B-83FF-4BBC-8F85-EDECE878E35D}.Debug|Any CPU.Deploy.0 = Debug|x86
		{3D3DC04B-83FF-4BBC-8F85-EDECE878E35D}.Debug|ARM.ActiveCfg = Debug|ARM
		{3D3DC04B-83FF-4BBC-8F85-EDECE878E35D}.Debug|ARM.Build.0 = Debug|ARM
		{3D3DC04B-83FF-4BBC-8F85-EDECE878E35D}.Debug|ARM.Deploy.0 = Debug|ARM
		{3D3DC04B-83FF-4BBC-8F85-EDECE878E35D}.Debug|iPhone.ActiveCfg = Debug|x86
		{3D3DC04B-83FF-4BBC-8F85-EDECE878E35D}.Debug|iPhone.Build.0 = Debug|x86
		{3D3DC04B-83FF-4BBC-8F85-EDECE878E35D}.Debug|iPhone.Deploy.0 = Debug|x86
		{3D3DC04B-83FF-4BBC-8F85-EDECE878E35D}.Debug|iPhoneSimulator.ActiveCfg = Debug|x86
		{3D3DC04B-83FF-4BBC-8F85-EDECE878E35D}.Debug|iPhoneSimulator.Build.0 = Debug|x86
		{3D3DC04B-83FF-4BBC-8F85-EDECE878E35D}.Debug|iPhoneSimulator.Deploy.0 = Debug|x86
		{3D3DC04B-83FF-4BBC-8F85-EDECE878E35D}.Debug|x64.ActiveCfg = Debug|x64
		{3D3DC04B-83FF-4BBC-8F85-EDECE878E35D}.Debug|x64.Build.0 = Debug|x64
		{3D3DC04B-83FF-4BBC-8F85-EDECE878E35D}.Debug|x64.Deploy.0 = Debug|x64
		{3D3DC04B-83FF-4BBC-8F85-EDECE878E35D}.Debug|x86.ActiveCfg = Debug|x86
		{3D3DC04B-83FF-4BBC-8F85-EDECE878E35D}.Debug|x86.Build.0 = Debug|x86
		{3D3DC04B-83FF-4BBC-8F85-EDECE878E35D}.Debug|x86.Deploy.0 = Debug|x86
		{3D3DC04B-83FF-4BBC-8F85-EDECE878E35D}.Release|Any CPU.ActiveCfg = Release|x86
		{3D3DC04B-83FF-4BBC-8F85-EDECE878E35D}.Release|Any CPU.Build.0 = Release|x86
		{3D3DC04B-83FF-4BBC-8F85-EDECE878E35D}.Release|Any CPU.Deploy.0 = Release|x86
		{3D3DC04B-83FF-4BBC-8F85-EDECE878E35D}.Release|ARM.ActiveCfg = Release|ARM
		{3D3DC04B-83FF-4BBC-8F85-EDECE878E35D}.Release|ARM.Build.0 = Release|ARM
		{3D3DC04B-83FF-4BBC-8F85-EDECE878E35D}.Release|ARM.Deploy.0 = Release|ARM
		{3D3DC04B-83FF-4BBC-8F85-EDECE878E35D}.Release|iPhone.ActiveCfg = Release|x86
		{3D3DC04B-83FF-4BBC-8F85-EDECE878E35D}.Release|iPhone.Build.0 = Release|x86
		{3D3DC04B-83FF-4BBC-8F85-EDECE878E35D}.Release|iPhone.Deploy.0 = Release|x86
		{3D3DC04B-83FF-4BBC-8F85-EDECE878E35D}.Release|iPhoneSimulator.ActiveCfg = Release|x86
		{3D3DC04B-83FF-4BBC-8F85-EDECE878E35D}.Release|iPhoneSimulator.Build.0 = Release|x86
		{3D3DC04B-83FF-4BBC-8F85-EDECE878E35D}.Release|iPhoneSimulator.Deploy.0 = Release|x86
		{3D3DC04B-83FF-4BBC-8F85-EDECE878E35D}.Release|x64.ActiveCfg = Release|x64
		{3D3DC04B-83FF-4BBC-8F85-EDECE878E35D}.Release|x64.Build.0 = Release|x64
		{3D3DC04B-83FF-4BBC-8F85-EDECE878E35D}.Release|x64.Deploy.0 = Release|x64
		{3D3DC04B-83FF-4BBC-8F85-EDECE878E35D}.Release|x86.ActiveCfg = Release|x86
		{3D3DC04B-83FF-4BBC-8F85-EDECE878E35D}.Release|x86.Build.0 = Release|x86
		{3D3DC04B-83FF-4BBC-8F85-EDECE878E35D}.Release|x86.Deploy.0 = Release|x86
		{91AE3978-F8F1-4788-819F-771453CD91AB}.Debug|Any CPU.ActiveCfg = Debug|Any CPU
		{91AE3978-F8F1-4788-819F-771453CD91AB}.Debug|Any CPU.Build.0 = Debug|Any CPU
		{91AE3978-F8F1-4788-819F-771453CD91AB}.Debug|Any CPU.Deploy.0 = Debug|Any CPU
		{91AE3978-F8F1-4788-819F-771453CD91AB}.Debug|ARM.ActiveCfg = Debug|Any CPU
		{91AE3978-F8F1-4788-819F-771453CD91AB}.Debug|ARM.Build.0 = Debug|Any CPU
		{91AE3978-F8F1-4788-819F-771453CD91AB}.Debug|ARM.Deploy.0 = Debug|Any CPU
		{91AE3978-F8F1-4788-819F-771453CD91AB}.Debug|iPhone.ActiveCfg = Debug|Any CPU
		{91AE3978-F8F1-4788-819F-771453CD91AB}.Debug|iPhone.Build.0 = Debug|Any CPU
		{91AE3978-F8F1-4788-819F-771453CD91AB}.Debug|iPhone.Deploy.0 = Debug|Any CPU
		{91AE3978-F8F1-4788-819F-771453CD91AB}.Debug|iPhoneSimulator.ActiveCfg = Debug|Any CPU
		{91AE3978-F8F1-4788-819F-771453CD91AB}.Debug|iPhoneSimulator.Build.0 = Debug|Any CPU
		{91AE3978-F8F1-4788-819F-771453CD91AB}.Debug|iPhoneSimulator.Deploy.0 = Debug|Any CPU
		{91AE3978-F8F1-4788-819F-771453CD91AB}.Debug|x64.ActiveCfg = Debug|Any CPU
		{91AE3978-F8F1-4788-819F-771453CD91AB}.Debug|x64.Build.0 = Debug|Any CPU
		{91AE3978-F8F1-4788-819F-771453CD91AB}.Debug|x64.Deploy.0 = Debug|Any CPU
		{91AE3978-F8F1-4788-819F-771453CD91AB}.Debug|x86.ActiveCfg = Debug|Any CPU
		{91AE3978-F8F1-4788-819F-771453CD91AB}.Debug|x86.Build.0 = Debug|Any CPU
		{91AE3978-F8F1-4788-819F-771453CD91AB}.Debug|x86.Deploy.0 = Debug|Any CPU
		{91AE3978-F8F1-4788-819F-771453CD91AB}.Release|Any CPU.ActiveCfg = Release|Any CPU
		{91AE3978-F8F1-4788-819F-771453CD91AB}.Release|Any CPU.Build.0 = Release|Any CPU
		{91AE3978-F8F1-4788-819F-771453CD91AB}.Release|Any CPU.Deploy.0 = Release|Any CPU
		{91AE3978-F8F1-4788-819F-771453CD91AB}.Release|ARM.ActiveCfg = Release|Any CPU
		{91AE3978-F8F1-4788-819F-771453CD91AB}.Release|ARM.Build.0 = Release|Any CPU
		{91AE3978-F8F1-4788-819F-771453CD91AB}.Release|ARM.Deploy.0 = Release|Any CPU
		{91AE3978-F8F1-4788-819F-771453CD91AB}.Release|iPhone.ActiveCfg = Release|Any CPU
		{91AE3978-F8F1-4788-819F-771453CD91AB}.Release|iPhone.Build.0 = Release|Any CPU
		{91AE3978-F8F1-4788-819F-771453CD91AB}.Release|iPhone.Deploy.0 = Release|Any CPU
		{91AE3978-F8F1-4788-819F-771453CD91AB}.Release|iPhoneSimulator.ActiveCfg = Release|Any CPU
		{91AE3978-F8F1-4788-819F-771453CD91AB}.Release|iPhoneSimulator.Build.0 = Release|Any CPU
		{91AE3978-F8F1-4788-819F-771453CD91AB}.Release|iPhoneSimulator.Deploy.0 = Release|Any CPU
		{91AE3978-F8F1-4788-819F-771453CD91AB}.Release|x64.ActiveCfg = Release|Any CPU
		{91AE3978-F8F1-4788-819F-771453CD91AB}.Release|x64.Build.0 = Release|Any CPU
		{91AE3978-F8F1-4788-819F-771453CD91AB}.Release|x64.Deploy.0 = Release|Any CPU
		{91AE3978-F8F1-4788-819F-771453CD91AB}.Release|x86.ActiveCfg = Release|Any CPU
		{91AE3978-F8F1-4788-819F-771453CD91AB}.Release|x86.Build.0 = Release|Any CPU
		{91AE3978-F8F1-4788-819F-771453CD91AB}.Release|x86.Deploy.0 = Release|Any CPU
		{F15186EE-D703-40EA-AB06-9F1C7F63DE37}.Debug|Any CPU.ActiveCfg = Debug|iPhone
		{F15186EE-D703-40EA-AB06-9F1C7F63DE37}.Debug|Any CPU.Build.0 = Debug|iPhone
		{F15186EE-D703-40EA-AB06-9F1C7F63DE37}.Debug|Any CPU.Deploy.0 = Debug|iPhone
		{F15186EE-D703-40EA-AB06-9F1C7F63DE37}.Debug|ARM.ActiveCfg = Debug|iPhoneSimulator
		{F15186EE-D703-40EA-AB06-9F1C7F63DE37}.Debug|ARM.Build.0 = Debug|iPhoneSimulator
		{F15186EE-D703-40EA-AB06-9F1C7F63DE37}.Debug|ARM.Deploy.0 = Debug|iPhoneSimulator
		{F15186EE-D703-40EA-AB06-9F1C7F63DE37}.Debug|iPhone.ActiveCfg = Debug|iPhone
		{F15186EE-D703-40EA-AB06-9F1C7F63DE37}.Debug|iPhone.Build.0 = Debug|iPhone
		{F15186EE-D703-40EA-AB06-9F1C7F63DE37}.Debug|iPhone.Deploy.0 = Debug|iPhone
		{F15186EE-D703-40EA-AB06-9F1C7F63DE37}.Debug|iPhoneSimulator.ActiveCfg = Debug|iPhoneSimulator
		{F15186EE-D703-40EA-AB06-9F1C7F63DE37}.Debug|iPhoneSimulator.Build.0 = Debug|iPhoneSimulator
		{F15186EE-D703-40EA-AB06-9F1C7F63DE37}.Debug|iPhoneSimulator.Deploy.0 = Debug|iPhoneSimulator
		{F15186EE-D703-40EA-AB06-9F1C7F63DE37}.Debug|x64.ActiveCfg = Debug|iPhone
		{F15186EE-D703-40EA-AB06-9F1C7F63DE37}.Debug|x64.Build.0 = Debug|iPhone
		{F15186EE-D703-40EA-AB06-9F1C7F63DE37}.Debug|x64.Deploy.0 = Debug|iPhone
		{F15186EE-D703-40EA-AB06-9F1C7F63DE37}.Debug|x86.ActiveCfg = Debug|iPhone
		{F15186EE-D703-40EA-AB06-9F1C7F63DE37}.Debug|x86.Build.0 = Debug|iPhone
		{F15186EE-D703-40EA-AB06-9F1C7F63DE37}.Debug|x86.Deploy.0 = Debug|iPhone
		{F15186EE-D703-40EA-AB06-9F1C7F63DE37}.Release|Any CPU.ActiveCfg = Release|iPhone
		{F15186EE-D703-40EA-AB06-9F1C7F63DE37}.Release|Any CPU.Build.0 = Release|iPhone
		{F15186EE-D703-40EA-AB06-9F1C7F63DE37}.Release|Any CPU.Deploy.0 = Release|iPhone
		{F15186EE-D703-40EA-AB06-9F1C7F63DE37}.Release|ARM.ActiveCfg = Release|iPhone
		{F15186EE-D703-40EA-AB06-9F1C7F63DE37}.Release|ARM.Build.0 = Release|iPhone
		{F15186EE-D703-40EA-AB06-9F1C7F63DE37}.Release|ARM.Deploy.0 = Release|iPhone
		{F15186EE-D703-40EA-AB06-9F1C7F63DE37}.Release|iPhone.ActiveCfg = Release|iPhone
		{F15186EE-D703-40EA-AB06-9F1C7F63DE37}.Release|iPhone.Build.0 = Release|iPhone
		{F15186EE-D703-40EA-AB06-9F1C7F63DE37}.Release|iPhone.Deploy.0 = Release|iPhone
		{F15186EE-D703-40EA-AB06-9F1C7F63DE37}.Release|iPhoneSimulator.ActiveCfg = Release|iPhoneSimulator
		{F15186EE-D703-40EA-AB06-9F1C7F63DE37}.Release|iPhoneSimulator.Build.0 = Release|iPhoneSimulator
		{F15186EE-D703-40EA-AB06-9F1C7F63DE37}.Release|iPhoneSimulator.Deploy.0 = Release|iPhoneSimulator
		{F15186EE-D703-40EA-AB06-9F1C7F63DE37}.Release|x64.ActiveCfg = Release|iPhone
		{F15186EE-D703-40EA-AB06-9F1C7F63DE37}.Release|x64.Build.0 = Release|iPhone
		{F15186EE-D703-40EA-AB06-9F1C7F63DE37}.Release|x64.Deploy.0 = Release|iPhone
		{F15186EE-D703-40EA-AB06-9F1C7F63DE37}.Release|x86.ActiveCfg = Release|iPhone
		{F15186EE-D703-40EA-AB06-9F1C7F63DE37}.Release|x86.Build.0 = Release|iPhone
		{F15186EE-D703-40EA-AB06-9F1C7F63DE37}.Release|x86.Deploy.0 = Release|iPhone
		{3DB5BC5D-A019-4C29-9A4A-BDF2D9077A0C}.Debug|Any CPU.ActiveCfg = Debug|Any CPU
		{3DB5BC5D-A019-4C29-9A4A-BDF2D9077A0C}.Debug|Any CPU.Build.0 = Debug|Any CPU
		{3DB5BC5D-A019-4C29-9A4A-BDF2D9077A0C}.Debug|Any CPU.Deploy.0 = Debug|Any CPU
		{3DB5BC5D-A019-4C29-9A4A-BDF2D9077A0C}.Debug|ARM.ActiveCfg = Debug|Any CPU
		{3DB5BC5D-A019-4C29-9A4A-BDF2D9077A0C}.Debug|ARM.Build.0 = Debug|Any CPU
		{3DB5BC5D-A019-4C29-9A4A-BDF2D9077A0C}.Debug|ARM.Deploy.0 = Debug|Any CPU
		{3DB5BC5D-A019-4C29-9A4A-BDF2D9077A0C}.Debug|iPhone.ActiveCfg = Debug|Any CPU
		{3DB5BC5D-A019-4C29-9A4A-BDF2D9077A0C}.Debug|iPhone.Build.0 = Debug|Any CPU
		{3DB5BC5D-A019-4C29-9A4A-BDF2D9077A0C}.Debug|iPhone.Deploy.0 = Debug|Any CPU
		{3DB5BC5D-A019-4C29-9A4A-BDF2D9077A0C}.Debug|iPhoneSimulator.ActiveCfg = Debug|Any CPU
		{3DB5BC5D-A019-4C29-9A4A-BDF2D9077A0C}.Debug|iPhoneSimulator.Build.0 = Debug|Any CPU
		{3DB5BC5D-A019-4C29-9A4A-BDF2D9077A0C}.Debug|iPhoneSimulator.Deploy.0 = Debug|Any CPU
		{3DB5BC5D-A019-4C29-9A4A-BDF2D9077A0C}.Debug|x64.ActiveCfg = Debug|Any CPU
		{3DB5BC5D-A019-4C29-9A4A-BDF2D9077A0C}.Debug|x64.Build.0 = Debug|Any CPU
		{3DB5BC5D-A019-4C29-9A4A-BDF2D9077A0C}.Debug|x64.Deploy.0 = Debug|Any CPU
		{3DB5BC5D-A019-4C29-9A4A-BDF2D9077A0C}.Debug|x86.ActiveCfg = Debug|Any CPU
		{3DB5BC5D-A019-4C29-9A4A-BDF2D9077A0C}.Debug|x86.Build.0 = Debug|Any CPU
		{3DB5BC5D-A019-4C29-9A4A-BDF2D9077A0C}.Debug|x86.Deploy.0 = Debug|Any CPU
		{3DB5BC5D-A019-4C29-9A4A-BDF2D9077A0C}.Release|Any CPU.ActiveCfg = Release|Any CPU
		{3DB5BC5D-A019-4C29-9A4A-BDF2D9077A0C}.Release|Any CPU.Build.0 = Release|Any CPU
		{3DB5BC5D-A019-4C29-9A4A-BDF2D9077A0C}.Release|Any CPU.Deploy.0 = Release|Any CPU
		{3DB5BC5D-A019-4C29-9A4A-BDF2D9077A0C}.Release|ARM.ActiveCfg = Release|Any CPU
		{3DB5BC5D-A019-4C29-9A4A-BDF2D9077A0C}.Release|ARM.Build.0 = Release|Any CPU
		{3DB5BC5D-A019-4C29-9A4A-BDF2D9077A0C}.Release|ARM.Deploy.0 = Release|Any CPU
		{3DB5BC5D-A019-4C29-9A4A-BDF2D9077A0C}.Release|iPhone.ActiveCfg = Release|Any CPU
		{3DB5BC5D-A019-4C29-9A4A-BDF2D9077A0C}.Release|iPhone.Build.0 = Release|Any CPU
		{3DB5BC5D-A019-4C29-9A4A-BDF2D9077A0C}.Release|iPhone.Deploy.0 = Release|Any CPU
		{3DB5BC5D-A019-4C29-9A4A-BDF2D9077A0C}.Release|iPhoneSimulator.ActiveCfg = Release|Any CPU
		{3DB5BC5D-A019-4C29-9A4A-BDF2D9077A0C}.Release|iPhoneSimulator.Build.0 = Release|Any CPU
		{3DB5BC5D-A019-4C29-9A4A-BDF2D9077A0C}.Release|iPhoneSimulator.Deploy.0 = Release|Any CPU
		{3DB5BC5D-A019-4C29-9A4A-BDF2D9077A0C}.Release|x64.ActiveCfg = Release|Any CPU
		{3DB5BC5D-A019-4C29-9A4A-BDF2D9077A0C}.Release|x64.Build.0 = Release|Any CPU
		{3DB5BC5D-A019-4C29-9A4A-BDF2D9077A0C}.Release|x64.Deploy.0 = Release|Any CPU
		{3DB5BC5D-A019-4C29-9A4A-BDF2D9077A0C}.Release|x86.ActiveCfg = Release|Any CPU
		{3DB5BC5D-A019-4C29-9A4A-BDF2D9077A0C}.Release|x86.Build.0 = Release|Any CPU
		{3DB5BC5D-A019-4C29-9A4A-BDF2D9077A0C}.Release|x86.Deploy.0 = Release|Any CPU
	EndGlobalSection
	GlobalSection(SolutionProperties) = preSolution
		HideSolutionNode = FALSE
	EndGlobalSection
	GlobalSection(ExtensibilityGlobals) = postSolution
		SolutionGuid = {64FDD17E-9621-4CAB-8B36-F72AF73281F6}
	EndGlobalSection
EndGlobal
